hash: 3bf92ba33e0d1e23b3eae351ec6a484d13d76c77fae54e74759b5352df6d7c7d
updated: 2018-01-10T11:50:22.009007606-05:00
imports:
- name: cloud.google.com/go
  version: 81b7822b1e798e8f17bf64b59512a5be4097e966
  subpackages:
  - compute/metadata
  - internal
- name: github.com/agext/levenshtein
  version: 5f10fee965225ac1eecdc234c09daf5cd9e7f7b6
- name: github.com/agl/ed25519
  version: 278e1ec8e8a6e017cd07577924d6766039146ced
  subpackages:
  - edwards25519
- name: github.com/antchfx/xpath
  version: b5c552e1acbdd77b5e369eab0efd1e0f9d7090e4
- name: github.com/antchfx/xquery
  version: eb8c3c17260731e52f9420af1508a47bfaf217a8
  subpackages:
  - xml
- name: github.com/apparentlymart/go-cidr
  version: 2bd8b58cf4275aeb086ade613de226773e29e853
  subpackages:
  - cidr
- name: github.com/apparentlymart/go-textseg
  version: b836f5c4d331d1945a2fead7188db25432d73b69
  subpackages:
  - textseg
- name: github.com/armon/circbuf
  version: bbbad097214e2918d8543d5201d12bfd7bca254d
- name: github.com/armon/go-radix
  version: 4239b77079c7b5d1243b7b4736304ce8ddb6f0f2
- name: github.com/aws/aws-sdk-go
  version: b79a722cb7aba0edd9bd2256361ae2e15e98f8ad
  subpackages:
  - aws
  - aws/arn
  - aws/awserr
  - aws/awsutil
  - aws/client
  - aws/client/metadata
  - aws/corehandlers
  - aws/credentials
  - aws/credentials/ec2rolecreds
  - aws/credentials/endpointcreds
  - aws/credentials/stscreds
  - aws/defaults
  - aws/ec2metadata
  - aws/endpoints
  - aws/request
  - aws/session
  - aws/signer/v4
  - internal/shareddefaults
  - private/endpoints
  - private/protocol
  - private/protocol/ec2query
  - private/protocol/json/jsonutil
  - private/protocol/jsonrpc
  - private/protocol/query
  - private/protocol/query/queryutil
  - private/protocol/rest
  - private/protocol/restjson
  - private/protocol/restxml
  - private/protocol/xml/xmlutil
  - private/signer/v2
  - private/waiter
  - service/acm
  - service/apigateway
  - service/applicationautoscaling
  - service/autoscaling
  - service/batch
  - service/cloudformation
  - service/cloudfront
  - service/cloudtrail
  - service/cloudwatch
  - service/cloudwatchevents
  - service/cloudwatchlogs
  - service/codebuild
  - service/codecommit
  - service/codedeploy
  - service/codepipeline
  - service/cognitoidentity
  - service/configservice
  - service/databasemigrationservice
  - service/devicefarm
  - service/directoryservice
  - service/dynamodb
  - service/ec2
  - service/ecr
  - service/ecs
  - service/efs
  - service/elasticache
  - service/elasticbeanstalk
  - service/elasticsearchservice
  - service/elastictranscoder
  - service/elb
  - service/elbv2
  - service/emr
  - service/firehose
  - service/glacier
  - service/iam
  - service/inspector
  - service/iot
  - service/kinesis
  - service/kms
  - service/lambda
  - service/lightsail
  - service/opsworks
  - service/rds
  - service/redshift
  - service/route53
  - service/s3
  - service/ses
  - service/sfn
  - service/simpledb
  - service/sns
  - service/sqs
  - service/ssm
  - service/sts
  - service/waf
  - service/wafregional
- name: github.com/Azure/azure-sdk-for-go
  version: 57db66900881e9fd21fd041a9d013514700ecab3
  subpackages:
  - arm/resources/resources
  - arm/storage
  - storage
- name: github.com/Azure/go-autorest
  version: 5432abe734f8d95c78340cd56712f912906e6514
  subpackages:
  - autorest
  - autorest/adal
  - autorest/azure
  - autorest/date
  - autorest/to
  - autorest/validation
- name: github.com/Azure/go-ntlmssp
  version: c92175d540060095c69ced311f76aea56c83ecdb
- name: github.com/bgentry/go-netrc
  version: 9fd32a8b3d3d3f9d43c341bfe098430e07609480
  subpackages:
  - netrc
- name: github.com/bgentry/speakeasy
  version: 675b82c74c0ed12283ee81ba8a534c8982c07b85
- name: github.com/blang/semver
  version: 4a1e882c79dcf4ec00d2e29fac74b9c8938d5052
- name: github.com/briandowns/spinner
  version: a00ac22c746220ee70a0891a0ec4aa6c56c6bb6a
- name: github.com/ChrisTrenkamp/goxpath
  version: 4fe03583929022c9c96829401ffabc755e69782e
  subpackages:
  - internal/execxp
  - internal/lexer
  - internal/parser
  - internal/parser/findutil
  - internal/parser/intfns
  - internal/parser/pathexpr
  - internal/xconst
  - internal/xsort
  - tree
  - tree/xmltree
  - tree/xmltree/xmlbuilder
  - tree/xmltree/xmlele
  - tree/xmltree/xmlnode
- name: github.com/chzyer/readline
  version: c914be64f07d9998f52bf0d598ec26d457168c0f
- name: github.com/coreos/etcd
  version: 6930e471ed55ef89641a658b9fcb777295d5055b
  subpackages:
  - auth/authpb
  - client
  - clientv3
  - clientv3/concurrency
  - etcdserver/api/v3rpc/rpctypes
  - etcdserver/etcdserverpb
  - mvcc/mvccpb
  - pkg/pathutil
  - pkg/srv
  - pkg/tlsutil
  - pkg/transport
  - pkg/types
  - version
- name: github.com/coreos/go-semver
  version: 8ab6407b697782a06568d4b7f1db25550ec2e4c6
  subpackages:
  - semver
- name: github.com/davecgh/go-spew
  version: 346938d642f2ec3594ed81d874461961cd0faa76
  subpackages:
  - spew
- name: github.com/dgrijalva/jwt-go
  version: f0777076321ab64f6efc15a82d9d23b98539b943
- name: github.com/dylanmei/iso8601
  version: 2075bf119b58e5576c6ed9f867b8f3d17f2e54d4
- name: github.com/dylanmei/winrmtest
  version: c2fbb09e6c084fe3ebe95fce0f1cc5297c152026
- name: github.com/fatih/color
  version: dea9d3a26a087187530244679c1cfb3a42937794
- name: github.com/go-ini/ini
  version: 766e555c68dc8bda90d197ee8946c37519c19409
- name: github.com/golang/protobuf
  version: 8ee79997227bf9b34611aee7946ae64735e6fd93
  subpackages:
  - proto
  - ptypes
  - ptypes/any
  - ptypes/duration
  - ptypes/timestamp
- name: github.com/googleapis/gax-go
  version: da06d194a00e19ce00d9011a13931c3f6f6887c7
- name: github.com/gophercloud/gophercloud
  version: c5dfe1bc7b150a98b1578bb32f7c138ff9568f1d
  subpackages:
  - openstack
  - openstack/blockstorage/extensions/volumeactions
  - openstack/blockstorage/v1/volumes
  - openstack/blockstorage/v2/volumes
  - openstack/compute/v2/extensions/availabilityzones
  - openstack/compute/v2/extensions/bootfromvolume
  - openstack/compute/v2/extensions/floatingips
  - openstack/compute/v2/extensions/keypairs
  - openstack/compute/v2/extensions/schedulerhints
  - openstack/compute/v2/extensions/secgroups
  - openstack/compute/v2/extensions/servergroups
  - openstack/compute/v2/extensions/startstop
  - openstack/compute/v2/extensions/tenantnetworks
  - openstack/compute/v2/extensions/volumeattach
  - openstack/compute/v2/flavors
  - openstack/compute/v2/images
  - openstack/compute/v2/servers
  - openstack/dns/v2/recordsets
  - openstack/dns/v2/zones
  - openstack/identity/v2/tenants
  - openstack/identity/v2/tokens
  - openstack/identity/v3/tokens
  - openstack/imageservice/v2/imagedata
  - openstack/imageservice/v2/images
  - openstack/networking/v2/extensions/fwaas/firewalls
  - openstack/networking/v2/extensions/fwaas/policies
  - openstack/networking/v2/extensions/fwaas/routerinsertion
  - openstack/networking/v2/extensions/fwaas/rules
  - openstack/networking/v2/extensions/layer3/floatingips
  - openstack/networking/v2/extensions/layer3/routers
  - openstack/networking/v2/extensions/lbaas/members
  - openstack/networking/v2/extensions/lbaas/monitors
  - openstack/networking/v2/extensions/lbaas/pools
  - openstack/networking/v2/extensions/lbaas/vips
  - openstack/networking/v2/extensions/lbaas_v2/listeners
  - openstack/networking/v2/extensions/lbaas_v2/loadbalancers
  - openstack/networking/v2/extensions/lbaas_v2/monitors
  - openstack/networking/v2/extensions/lbaas_v2/pools
  - openstack/networking/v2/extensions/provider
  - openstack/networking/v2/extensions/security/groups
  - openstack/networking/v2/extensions/security/rules
  - openstack/networking/v2/networks
  - openstack/networking/v2/ports
  - openstack/networking/v2/subnets
  - openstack/objectstorage/v1/accounts
  - openstack/objectstorage/v1/containers
  - openstack/objectstorage/v1/objects
  - openstack/objectstorage/v1/swauth
  - openstack/utils
  - pagination
- name: github.com/hashicorp/atlas-go
  version: 1792bd8de119ba49b17fd8d3c3c1f488ec613e62
  subpackages:
  - archive
  - v1
- name: github.com/hashicorp/consul
  version: b79d951ced8c5f18fe73d35b2806f3435e40cd64
  subpackages:
  - api
  - testutil
  - testutil/retry
- name: github.com/hashicorp/errwrap
  version: 7554cd9344cec97297fa6649b055a8c98c2a1e55
- name: github.com/hashicorp/go-cleanhttp
  version: 3573b8b52aa7b37b9358d966a898feb387f62437
- name: github.com/hashicorp/go-getter
  version: 961f56d2e93379b7d9c578e998d09257509a6f97
  subpackages:
  - helper/url
- name: github.com/hashicorp/go-hclog
  version: b4e5765d1e5f00a0550911084f45f8214b5b83b9
- name: github.com/hashicorp/go-multierror
  version: d30f09973e19c1dfcd120b2d9c4f168e68d6b5d5
- name: github.com/hashicorp/go-plugin
  version: a5174f84d7f8ff00fb07ab4ef1f380d32eee0e63
- name: github.com/hashicorp/go-retryablehttp
  version: 6e85be8fee1dcaa02c0eaaac2df5a8fbecf94145
- name: github.com/hashicorp/go-rootcerts
  version: 6bb64b370b90e7ef1fa532be9e591a81c3493e00
- name: github.com/hashicorp/go-uuid
  version: 36289988d83ca270bc07c234c36f364b0dd9c9a7
- name: github.com/hashicorp/go-version
  version: e96d3840402619007766590ecea8dd7af1292276
- name: github.com/hashicorp/hcl
  version: a4b07c25de5ff55ad3b8936cea69a79a3d95a855
  subpackages:
  - hcl/ast
  - hcl/fmtcmd
  - hcl/parser
  - hcl/printer
  - hcl/scanner
  - hcl/strconv
  - hcl/token
  - json/parser
  - json/scanner
  - json/token
- name: github.com/hashicorp/hcl2
  version: 44bad6dbf5490f5da17ec991e664df3d017b706f
  subpackages:
  - gohcl
  - hcl
  - hcl/hclsyntax
  - hcl/json
  - hcldec
  - hcled
  - hclparse
  - hcltest
  - hclwrite
- name: github.com/hashicorp/hil
  version: fa9f258a92500514cc8e9c67020487709df92432
  subpackages:
  - ast
  - parser
  - scanner
- name: github.com/hashicorp/logutils
  version: 0dc08b1671f34c4250ce212759ebd880f743d883
- name: github.com/hashicorp/serf
  version: e4ec8cc423bbe20d26584b96efbeb9102e16d05f
  subpackages:
  - coordinate
- name: github.com/hashicorp/terraform
  version: e0fd3ddd704b230897723a7ca251f36b71c2b67a
  subpackages:
  - backend
  - backend/atlas
  - backend/init
  - backend/legacy
  - backend/local
  - backend/remote-state/azure
  - backend/remote-state/consul
  - backend/remote-state/etcdv3
  - backend/remote-state/inmem
  - backend/remote-state/s3
  - backend/remote-state/swift
  - builtin/provisioners/chef
  - builtin/provisioners/file
  - builtin/provisioners/local-exec
  - builtin/provisioners/remote-exec
  - builtin/provisioners/salt-masterless
  - command
  - command/clistate
  - command/format
  - communicator
  - communicator/remote
  - communicator/shared
  - communicator/ssh
  - communicator/winrm
  - config
  - config/configschema
  - config/hcl2shim
  - config/module
  - dag
  - flatmap
  - helper/config
  - helper/encryption
  - helper/experiment
  - helper/hashcode
  - helper/hilmapstructure
  - helper/logging
  - helper/mutexkv
  - helper/pathorcontents
  - helper/resource
  - helper/schema
  - helper/slowmessage
  - helper/structure
  - helper/validation
  - helper/variables
  - helper/wrappedreadline
  - helper/wrappedstreams
  - moduledeps
  - plugin
  - plugin/discovery
  - repl
  - state
  - state/remote
  - svchost
  - svchost/auth
  - svchost/disco
  - terraform
  - tfdiags
  - version
- name: github.com/hashicorp/vault
  version: 9a60bf2a50e4dd1ba4b929a3ccf8072435cbdd0a
  subpackages:
  - helper/compressutil
  - helper/jsonutil
  - helper/pgpkeys
- name: github.com/hashicorp/yamux
  version: d1caa6c97c9fc1cc9e83bbe34d0603f9ff0ce8bd
- name: github.com/jen20/awspolicyequivalence
  version: 3d48364a137a7847c1191b83740052dc7695878e
- name: github.com/jmespath/go-jmespath
  version: bd40a432e4c76585ef6b72d3fd96fb9b6dc7b68d
- name: github.com/joyent/gocommon
  version: b78708995d1c2ebdb64a3061b0bca5d8ccdf0fc2
  subpackages:
  - client
  - errors
  - http
  - jpc
- name: github.com/joyent/gomanta
  version: ece4f0cbe61f600794bbcff71d8f9ee86909b2dc
  subpackages:
  - manta
- name: github.com/joyent/gosign
  version: 8978c75ffefb3f63a977ad9cbfce40caeb40177e
  subpackages:
  - auth
- name: github.com/kardianos/osext
  version: c2c54e542fb797ad986b31721e1baedf214ca413
- name: github.com/keybase/go-crypto
  version: 93f5b35093ba15e0f86e412cc5c767d5c10c15fd
  subpackages:
  - brainpool
  - cast5
  - openpgp
  - openpgp/armor
  - openpgp/elgamal
  - openpgp/errors
  - openpgp/packet
  - openpgp/s2k
  - rsa
- name: github.com/kr/text
  version: 7cafcd837844e784b526369c9bce262804aebc60
- name: github.com/lusis/go-artifactory
  version: 7e4ce345df825841661d1b3ffbb1327083d4a22f
  subpackages:
  - src/artifactory.v401
- name: github.com/masterzen/azure-sdk-for-go
  version: ee4f0065d00cd12b542f18f5bc45799e88163b12
  subpackages:
  - core/http
  - core/tls
- name: github.com/masterzen/simplexml
  version: 4572e39b1ab9fe03ee513ce6fc7e289e98482190
  subpackages:
  - dom
- name: github.com/masterzen/winrm
  version: a2df6b1315e6fd5885eb15c67ed259e85854125f
  subpackages:
  - soap
- name: github.com/mattn/go-colorable
  version: 9cbef7c35391cca05f15f8181dc0b18bc9736dbb
- name: github.com/mattn/go-isatty
  version: 30a891c33c7cde7b02a981314b4228ec99380cca
- name: github.com/mitchellh/cli
  version: 65fcae5817c8600da98ada9d7edf26dd1a84837b
- name: github.com/mitchellh/colorstring
  version: 8631ce90f28644f54aeedcb3e389a85174e067d1
- name: github.com/mitchellh/copystructure
  version: 5af94aef99f597e6a9e1f6ac6be6ce0f3c96b49d
- name: github.com/mitchellh/go-homedir
  version: b8bc1bf767474819792c23f32d8286a45736f1c6
- name: github.com/mitchellh/go-linereader
  version: 07bab5fdd9580500aea6ada0e09df4aa28e68abd
- name: github.com/mitchellh/go-testing-interface
  version: 9a441910b16872f7b8283682619b3761a9aa2222
- name: github.com/mitchellh/go-wordwrap
  version: ad45545899c7b13c020ea92b2072220eefad42b8
- name: github.com/mitchellh/hashstructure
  version: 6b17d669fac5e2f71c16658d781ec3fdd3802b69
- name: github.com/mitchellh/mapstructure
  version: 53818660ed4955e899c0bcafa97299a388bd7c8e
- name: github.com/mitchellh/panicwrap
  version: ba9e1a65e0f7975f055d50a2c0201c50d941c24c
- name: github.com/mitchellh/reflectwalk
  version: 92573fe8d000a145bfebc03a16bc22b34945867f
- name: github.com/ninibe/bigduration
  version: 88d3399741b1dc65990e9b7c5580beaae3ec3e29
- name: github.com/nu7hatch/gouuid
  version: 179d4d0c4d8d407a32af483c2354df1d2c91e6c3
- name: github.com/packer-community/winrmcp
  version: 078cc0a785c9da54158c0775f06f505fc1e867f8
  subpackages:
  - winrmcp
- name: github.com/posener/complete
  version: f4461a52b6329c11190f11fe3384ec8aa964e21c
  subpackages:
  - cmd
  - cmd/install
  - match
- name: github.com/RevH/ipinfo
  version: 09a74906140aa8a7eb40bdb3f750d77318912ed7
- name: github.com/ryanuber/columnize
  version: 0fbbb3f0e3fbdc5bae7c6cd5f6c1887ebfb76360
- name: github.com/satori/go.uuid
  version: b061729afc07e77a8aa4fad0a2fd840958f1942a
- name: github.com/satori/uuid
  version: b061729afc07e77a8aa4fad0a2fd840958f1942a
- name: github.com/terraform-providers/terraform-provider-aws
  version: 0baded96c0ffe4b823c0a6c3db4b0b16bbc4ed8a
  subpackages:
  - aws
- name: github.com/terraform-providers/terraform-provider-consul
  version: 5786e963095ef3f3675ad918cf609e6cc86080cd
  subpackages:
  - consul
- name: github.com/terraform-providers/terraform-provider-null
  version: f8d6f708f077f8836be7b0517a48f9ad97018167
  subpackages:
  - "null"
- name: github.com/terraform-providers/terraform-provider-openstack
  version: 4080a521c6ea4872f38bae658ac17b774eefcfe1
  subpackages:
  - openstack
- name: github.com/terraform-providers/terraform-provider-template
  version: d8fb0821ebc320ff3750c982f14eca1e7249660d
  subpackages:
  - template
- name: github.com/terraform-providers/terraform-provider-terraform
  version: 5a4e09036867dba96a2df94757d1b3a18b99aeab
  subpackages:
  - terraform
- name: github.com/ttacon/chalk
  version: 22c06c80ed312dcb6e1cf394f9634aa2c4676e22
- name: github.com/ugorji/go
  version: faddd6128c66c4708f45fdc007f575f75e592a3c
  subpackages:
  - codec
- name: github.com/ulikunitz/xz
  version: 0c6b41e72360850ca4f98dc341fd999726ea007f
  subpackages:
  - internal/hash
  - internal/xlog
  - lzma
- name: github.com/Unknwon/com
  version: 28b053d5a2923b87ce8c5a08f3af779894a72758
- name: github.com/urfave/cli
  version: 1efa31f08b9333f1bd4882d61f9d668a70cd902e
- name: github.com/xanzy/ssh-agent
  version: ba9c9e33906f58169366275e3450db66139a31a9
- name: github.com/xlab/treeprint
  version: 1d6e342255576c977e946a2384fc487a22d3fceb
- name: github.com/zclconf/go-cty
  version: 8bf222d6d03b7b336d013978f3acbfd877da428f
  subpackages:
  - cty
  - cty/convert
  - cty/function
  - cty/function/stdlib
  - cty/gocty
  - cty/json
  - cty/set
- name: golang.org/x/crypto
  version: 453249f01cfeb54c3d549ddb75ff152ca243f9d8
  subpackages:
  - bcrypt
  - blowfish
  - cast5
  - curve25519
  - ed25519
  - ed25519/internal/edwards25519
  - md4
  - openpgp
  - openpgp/armor
  - openpgp/elgamal
  - openpgp/errors
  - openpgp/packet
  - openpgp/s2k
  - ssh
  - ssh/agent
- name: golang.org/x/net
  version: f2499483f923065a842d38eb4c7f1927e6fc6e6d
  subpackages:
  - context
  - context/ctxhttp
  - html
  - html/atom
  - html/charset
  - http2
  - http2/hpack
  - idna
  - internal/timeseries
  - lex/httplex
  - trace
- name: golang.org/x/oauth2
  version: 314dd2c0bf3ebd592ec0d20847d27e79d0dbe8dd
  subpackages:
  - google
  - internal
  - jws
  - jwt
- name: golang.org/x/sys
  version: 810d7000345868fc619eb81f46307107118f4ae1
  subpackages:
  - unix
- name: golang.org/x/text
  version: e56139fd9c5bc7244c76116c68e500765bb6db6b
  subpackages:
  - encoding
  - encoding/charmap
  - encoding/htmlindex
  - encoding/internal
  - encoding/internal/identifier
  - encoding/japanese
  - encoding/korean
  - encoding/simplifiedchinese
  - encoding/traditionalchinese
  - encoding/unicode
  - internal/tag
  - internal/utf8internal
  - language
  - runes
  - transform
  - unicode/norm
- name: google.golang.org/api
  version: 64485db7e8c8be51e572801d06cdbcfadd3546c1
  subpackages:
  - gensupport
  - googleapi
  - googleapi/internal/uritemplates
  - storage/v1
- name: google.golang.org/appengine
  version: b667a5000b082e49c6c6d16867d376a12e9490cd
  subpackages:
  - internal
  - internal/app_identity
  - internal/base
  - internal/datastore
  - internal/log
  - internal/modules
  - internal/remote_api
  - internal/urlfetch
  - urlfetch
- name: google.golang.org/genproto
  version: 09f6ed296fc66555a25fe4ce95173148778dfa85
  subpackages:
  - googleapis/rpc/status
- name: google.golang.org/grpc
  version: 7657092a1303cc5a6fa3fee988d57c665683a4da
  subpackages:
  - codes
  - connectivity
  - credentials
  - grpclb/grpc_lb_v1
  - grpclog
  - health
  - health/grpc_health_v1
  - internal
  - keepalive
  - metadata
  - naming
  - peer
  - stats
  - status
  - tap
  - transport
- name: gopkg.in/ini.v1
  version: 766e555c68dc8bda90d197ee8946c37519c19409
- name: gopkg.in/yaml.v2
  version: cd8b52f8269e0feb286dfeef29f8fe4d5b397e0b
testImports: []
