hash: b7840c85c9038d41aee88cbfb2eec34a636b08c08240fda64dde8c09f1065690
updated: 2017-04-03T16:20:10.474165524+01:00
imports:
- name: cloud.google.com/go
  version: 81b7822b1e798e8f17bf64b59512a5be4097e966
  subpackages:
  - compute/metadata
  - internal
- name: github.com/agl/ed25519
  version: 278e1ec8e8a6e017cd07577924d6766039146ced
  subpackages:
  - edwards25519
- name: github.com/ajg/form
  version: 7ff89c75808766205bfa4411abb436c98c33eb5e
- name: github.com/apparentlymart/go-cidr
  version: a3ebdb999b831ecb6ab8a226e31b07b2b9061c47
  subpackages:
  - cidr
- name: github.com/apparentlymart/go-grafana-api
  version: d49f95c81c580a4e7a15244b9b12dce8f60750f4
- name: github.com/apparentlymart/go-rundeck-api
  version: f6af74d34d1ef69a511c59173876fc1174c11f0d
  subpackages:
  - rundeck
- name: github.com/armon/circbuf
  version: bbbad097214e2918d8543d5201d12bfd7bca254d
- name: github.com/armon/go-radix
  version: 4239b77079c7b5d1243b7b4736304ce8ddb6f0f2
- name: github.com/arukasio/cli
  version: 4f0dee167044ef44260d985a4d325f35a06e3149
- name: github.com/aws/aws-sdk-go
  version: b2852089fcfd0794d25d57f193e15121ab8a6d9e
  subpackages:
  - aws
  - aws/awserr
  - aws/awsutil
  - aws/client
  - aws/client/metadata
  - aws/corehandlers
  - aws/credentials
  - aws/credentials/ec2rolecreds
  - aws/credentials/endpointcreds
  - aws/credentials/stscreds
  - aws/defaults
  - aws/ec2metadata
  - aws/endpoints
  - aws/request
  - aws/session
  - aws/signer/v4
  - private/endpoints
  - private/protocol
  - private/protocol/ec2query
  - private/protocol/json/jsonutil
  - private/protocol/jsonrpc
  - private/protocol/query
  - private/protocol/query/queryutil
  - private/protocol/rest
  - private/protocol/restjson
  - private/protocol/restxml
  - private/protocol/xml/xmlutil
  - private/signer/v2
  - private/waiter
  - service/acm
  - service/apigateway
  - service/applicationautoscaling
  - service/autoscaling
  - service/cloudformation
  - service/cloudfront
  - service/cloudtrail
  - service/cloudwatch
  - service/cloudwatchevents
  - service/cloudwatchlogs
  - service/codebuild
  - service/codecommit
  - service/codedeploy
  - service/codepipeline
  - service/configservice
  - service/databasemigrationservice
  - service/directoryservice
  - service/dynamodb
  - service/ec2
  - service/ecr
  - service/ecs
  - service/efs
  - service/elasticache
  - service/elasticbeanstalk
  - service/elasticsearchservice
  - service/elastictranscoder
  - service/elb
  - service/elbv2
  - service/emr
  - service/firehose
  - service/glacier
  - service/iam
  - service/inspector
  - service/kinesis
  - service/kms
  - service/lambda
  - service/lightsail
  - service/opsworks
  - service/rds
  - service/redshift
  - service/route53
  - service/s3
  - service/ses
  - service/sfn
  - service/simpledb
  - service/sns
  - service/sqs
  - service/ssm
  - service/sts
  - service/waf
- name: github.com/Azure/azure-sdk-for-go
  version: 8e625d1702a32d01cef05a9252198d231c4af113
  subpackages:
  - arm/cdn
  - arm/compute
  - arm/containerregistry
  - arm/containerservice
  - arm/eventhub
  - arm/keyvault
  - arm/network
  - arm/redis
  - arm/resources/resources
  - arm/scheduler
  - arm/servicebus
  - arm/storage
  - arm/trafficmanager
  - management
  - management/affinitygroup
  - management/hostedservice
  - management/location
  - management/networksecuritygroup
  - management/osimage
  - management/sql
  - management/storageservice
  - management/virtualmachine
  - management/virtualmachinedisk
  - management/virtualmachineimage
  - management/virtualnetwork
  - management/vmutils
  - storage
- name: github.com/Azure/go-autorest
  version: 0781901f19f1e7db3034d97ec57af753db0bf808
  subpackages:
  - autorest
  - autorest/azure
  - autorest/date
  - autorest/to
  - autorest/validation
- name: github.com/bgentry/go-netrc
  version: 9fd32a8b3d3d3f9d43c341bfe098430e07609480
  subpackages:
  - netrc
- name: github.com/bgentry/speakeasy
  version: 675b82c74c0ed12283ee81ba8a534c8982c07b85
- name: github.com/briandowns/spinner
  version: a00ac22c746220ee70a0891a0ec4aa6c56c6bb6a
- name: github.com/cenkalti/backoff
  version: b02f2bbce11d7ea6b97f282ef1771b0fe2f65ef3
- name: github.com/CenturyLinkCloud/clc-sdk
  version: f62483cfb14defc08e6de8ae223fa75f9f95f264
  subpackages:
  - aa
  - alert
  - api
  - dc
  - group
  - lb
  - server
  - status
- name: github.com/chzyer/readline
  version: c914be64f07d9998f52bf0d598ec26d457168c0f
- name: github.com/cihub/seelog
  version: 175e6e3d439fe2e1cee7ab652b12eb546c145a13
  subpackages:
  - archive
  - archive/gzip
  - archive/tar
  - archive/zip
- name: github.com/cloudflare/cloudflare-go
  version: 6cfcb7ec3886f434daf8515d14d4ab208cae845c
- name: github.com/coreos/etcd
  version: e5527914aa42cae3063f52892e1ca4518da0e4ae
  subpackages:
  - Godeps/_workspace/src/github.com/ugorji/go/codec
  - Godeps/_workspace/src/golang.org/x/net/context
  - client
  - pkg/pathutil
  - pkg/types
- name: github.com/coreos/go-systemd
  version: 1f9909e51b2dab2487c26d64c8f2e7e580e4c9f5
  subpackages:
  - unit
- name: github.com/creack/goselect
  version: 1bd5ca702c6154bccc56ecd598932ee8b295cab2
- name: github.com/cyberdelia/heroku-go
  version: 81c5afa1abcf69cc18ccc24fa3716b5a455c9208
  subpackages:
  - v3
- name: github.com/davecgh/go-spew
  version: 346938d642f2ec3594ed81d874461961cd0faa76
  subpackages:
  - spew
- name: github.com/denverdino/aliyungo
  version: d123f5d1fa71b211b70b2e9b56a62da21076884a
  subpackages:
  - common
  - ecs
  - slb
  - util
- name: github.com/dgrijalva/jwt-go
  version: f0777076321ab64f6efc15a82d9d23b98539b943
- name: github.com/digitalocean/godo
  version: 767976000cc435d38646653b52be9be572727f30
- name: github.com/docker/docker
  version: eb28dde01f165849bf372e18200e83042c76f26c
  subpackages:
  - opts
  - pkg/archive
  - pkg/fileutils
  - pkg/homedir
  - pkg/idtools
  - pkg/ioutils
  - pkg/longpath
  - pkg/namesgenerator
  - pkg/pools
  - pkg/promise
  - pkg/random
  - pkg/stdcopy
  - pkg/system
- name: github.com/docker/go-units
  version: eb879ae3e2b84e2a142af415b679ddeda47ec71c
- name: github.com/DreamItGetIT/statuscake
  version: 93fe653ce590267167708b20d7f49e0cc7021d99
- name: github.com/dustin/go-humanize
  version: 7a41df006ff9af79a29f0ffa9c5f21fbe6314a2d
- name: github.com/dylanmei/iso8601
  version: 2075bf119b58e5576c6ed9f867b8f3d17f2e54d4
- name: github.com/dylanmei/winrmtest
  version: 025617847eb2cf9bd1d851bc3b22ed28e6245ce5
- name: github.com/Ensighten/udnssdk
  version: 9f1218928b30c6dec7f2c184c47286abc325deb9
  subpackages:
  - passwordcredentials
- name: github.com/fatih/color
  version: dea9d3a26a087187530244679c1cfb3a42937794
- name: github.com/fatih/structs
  version: a720dfa8df582c51dee1b36feabb906bde1588bd
- name: github.com/franela/goreq
  version: fc08df6ca2d4a0d1a5ae24739aa268863943e723
- name: github.com/fsouza/go-dockerclient
  version: 1d4f4ae73768d3ca16a6fb964694f58dc5eba601
  subpackages:
  - external/github.com/Sirupsen/logrus
  - external/github.com/docker/docker/opts
  - external/github.com/docker/docker/pkg/archive
  - external/github.com/docker/docker/pkg/fileutils
  - external/github.com/docker/docker/pkg/homedir
  - external/github.com/docker/docker/pkg/idtools
  - external/github.com/docker/docker/pkg/ioutils
  - external/github.com/docker/docker/pkg/longpath
  - external/github.com/docker/docker/pkg/pools
  - external/github.com/docker/docker/pkg/promise
  - external/github.com/docker/docker/pkg/stdcopy
  - external/github.com/docker/docker/pkg/system
  - external/github.com/docker/go-units
  - external/github.com/hashicorp/go-cleanhttp
  - external/github.com/opencontainers/runc/libcontainer/user
  - external/golang.org/x/net/context
  - external/golang.org/x/sys/unix
- name: github.com/gedex/inflector
  version: 046f2c31204676e3623730ee70fd0964e05822e7
- name: github.com/go-chef/chef
  version: bf4e81635329d7a0fc8d7c858a899a72cdb69b9e
- name: github.com/go-ini/ini
  version: e7fea39b01aea8d5671f6858f0532f56e8bff3a5
- name: github.com/go-ole/go-ole
  version: 5e9c030faf78847db7aa77e3661b9cc449de29b7
  subpackages:
  - oleutil
- name: github.com/golang/protobuf
  version: 8ee79997227bf9b34611aee7946ae64735e6fd93
  subpackages:
  - proto
- name: github.com/google/go-github
  version: ac4445ca1c9dfacf5c0bbf34b712b23a3bb59b6c
  subpackages:
  - github
- name: github.com/google/go-querystring
  version: 2a60fc2ba6c19de80291203597d752e9ba58e4c0
  subpackages:
  - query
- name: github.com/googleapis/gax-go
  version: da06d194a00e19ce00d9011a13931c3f6f6887c7
- name: github.com/gophercloud/gophercloud
  version: b06120d13e262ceaf890ef38ee30898813696af0
  subpackages:
  - openstack
  - openstack/blockstorage/extensions/volumeactions
  - openstack/blockstorage/v1/volumes
  - openstack/blockstorage/v2/volumes
  - openstack/compute/v2/extensions/bootfromvolume
  - openstack/compute/v2/extensions/floatingips
  - openstack/compute/v2/extensions/keypairs
  - openstack/compute/v2/extensions/schedulerhints
  - openstack/compute/v2/extensions/secgroups
  - openstack/compute/v2/extensions/servergroups
  - openstack/compute/v2/extensions/startstop
  - openstack/compute/v2/extensions/tenantnetworks
  - openstack/compute/v2/extensions/volumeattach
  - openstack/compute/v2/flavors
  - openstack/compute/v2/images
  - openstack/compute/v2/servers
  - openstack/identity/v2/tenants
  - openstack/identity/v2/tokens
  - openstack/identity/v3/tokens
  - openstack/imageservice/v2/imagedata
  - openstack/imageservice/v2/images
  - openstack/networking/v2/extensions/fwaas/firewalls
  - openstack/networking/v2/extensions/fwaas/policies
  - openstack/networking/v2/extensions/fwaas/rules
  - openstack/networking/v2/extensions/layer3/floatingips
  - openstack/networking/v2/extensions/layer3/routers
  - openstack/networking/v2/extensions/lbaas/members
  - openstack/networking/v2/extensions/lbaas/monitors
  - openstack/networking/v2/extensions/lbaas/pools
  - openstack/networking/v2/extensions/lbaas/vips
  - openstack/networking/v2/extensions/lbaas_v2/listeners
  - openstack/networking/v2/extensions/lbaas_v2/loadbalancers
  - openstack/networking/v2/extensions/lbaas_v2/monitors
  - openstack/networking/v2/extensions/lbaas_v2/pools
  - openstack/networking/v2/extensions/security/groups
  - openstack/networking/v2/extensions/security/rules
  - openstack/networking/v2/networks
  - openstack/networking/v2/ports
  - openstack/networking/v2/subnets
  - openstack/objectstorage/v1/accounts
  - openstack/objectstorage/v1/containers
  - openstack/objectstorage/v1/objects
  - openstack/objectstorage/v1/swauth
  - openstack/utils
  - pagination
- name: github.com/gorhill/cronexpr
  version: f0984319b44273e83de132089ae42b1810f4933b
- name: github.com/gorilla/websocket
  version: a91eba7f97777409bc2c443f5534d41dd20c5720
- name: github.com/gosimple/slug
  version: 32efb997950eba210b1880d8cf52b601c1b5abe3
- name: github.com/grafana/grafana
  version: c0cf0cb802adad24252ce1307c4c896edd566870
  subpackages:
  - pkg/api/dtos
  - pkg/log
  - pkg/models
  - pkg/setting
  - pkg/util
- name: github.com/hashicorp/atlas-go
  version: 1792bd8de119ba49b17fd8d3c3c1f488ec613e62
  subpackages:
  - archive
  - v1
- name: github.com/hashicorp/consul
  version: 48d7b069ad443a48ffa93364048ff8909b5d1fa2
  subpackages:
  - api
  - lib
- name: github.com/hashicorp/consul-template
  version: 17cd016cdfa6601e82256b8d624b1331a0c188a7
  subpackages:
  - child
  - config
  - dependency
  - manager
  - signals
  - template
  - watch
- name: github.com/hashicorp/errwrap
  version: 7554cd9344cec97297fa6649b055a8c98c2a1e55
- name: github.com/hashicorp/go-cleanhttp
  version: 3573b8b52aa7b37b9358d966a898feb387f62437
- name: github.com/hashicorp/go-getter
  version: c3d66e76678dce180a7b452653472f949aedfbcd
  subpackages:
  - helper/url
- name: github.com/hashicorp/go-msgpack
  version: fa3f63826f7c23912c15263591e65d54d080b458
  subpackages:
  - codec
- name: github.com/hashicorp/go-multierror
  version: 8c5f0ad9360406a3807ce7de6bc73269a91a6e51
  subpackages:
  - vendor/github.com/hashicorp/errwrap
- name: github.com/hashicorp/go-plugin
  version: f72692aebca2008343a9deb06ddb4b17f7051c15
- name: github.com/hashicorp/go-retryablehttp
  version: f4ed9b0fa01a2ac614afe7c897ed2e3d8208f3e8
- name: github.com/hashicorp/go-rootcerts
  version: 6bb64b370b90e7ef1fa532be9e591a81c3493e00
- name: github.com/hashicorp/go-uuid
  version: 36289988d83ca270bc07c234c36f364b0dd9c9a7
- name: github.com/hashicorp/go-version
  version: deeb027c13a95d56c7585df3fe29207208c6706e
- name: github.com/hashicorp/hcl
  version: 630949a3c5fa3c613328e1b8256052cbc2327c9b
  subpackages:
  - hcl/ast
  - hcl/fmtcmd
  - hcl/parser
  - hcl/printer
  - hcl/scanner
  - hcl/strconv
  - hcl/token
  - json/parser
  - json/scanner
  - json/token
- name: github.com/hashicorp/hil
  version: 5b8d13c8c5c2753e109fab25392a1dbfa2db93d2
  subpackages:
  - ast
  - parser
  - scanner
- name: github.com/hashicorp/logutils
  version: 0dc08b1671f34c4250ce212759ebd880f743d883
- name: github.com/hashicorp/nomad
  version: 655c0385e75db974384052717b61b81c68ec2308
  subpackages:
  - api
  - client/allocdir
  - client/config
  - client/driver
  - client/driver/env
  - client/driver/executor
  - client/driver/logging
  - client/driver/structs
  - client/fingerprint
  - client/stats
  - client/structs
  - command/agent/consul
  - helper/args
  - helper/discover
  - helper/fields
  - helper/flatmap
  - helper/stats
  - helper/tlsutil
  - jobspec
  - nomad/structs
  - nomad/structs/config
  - nomad/types
- name: github.com/hashicorp/serf
  version: e4ec8cc423bbe20d26584b96efbeb9102e16d05f
  subpackages:
  - coordinate
- name: github.com/hashicorp/terraform
  version: 403a86dc557fae52f8e39676b11e1e4356b7d1a2
  subpackages:
  - builtin/providers/alicloud
  - builtin/providers/archive
  - builtin/providers/arukas
  - builtin/providers/atlas
  - builtin/providers/aws
  - builtin/providers/azure
  - builtin/providers/azurerm
  - builtin/providers/bitbucket
  - builtin/providers/chef
  - builtin/providers/clc
  - builtin/providers/cloudflare
  - builtin/providers/cloudstack
  - builtin/providers/cobbler
  - builtin/providers/consul
  - builtin/providers/datadog
  - builtin/providers/digitalocean
  - builtin/providers/dme
  - builtin/providers/dns
  - builtin/providers/dnsimple
  - builtin/providers/docker
  - builtin/providers/dyn
  - builtin/providers/external
  - builtin/providers/fastly
  - builtin/providers/github
  - builtin/providers/google
  - builtin/providers/grafana
  - builtin/providers/heroku
  - builtin/providers/icinga2
  - builtin/providers/ignition
  - builtin/providers/influxdb
  - builtin/providers/librato
  - builtin/providers/logentries
  - builtin/providers/mailgun
  - builtin/providers/mysql
  - builtin/providers/newrelic
  - builtin/providers/nomad
  - builtin/providers/ns1
  - builtin/providers/null
  - builtin/providers/openstack
  - builtin/providers/opsgenie
  - builtin/providers/packet
  - builtin/providers/pagerduty
  - builtin/providers/postgresql
  - builtin/providers/powerdns
  - builtin/providers/profitbricks
  - builtin/providers/rabbitmq
  - builtin/providers/rancher
  - builtin/providers/random
  - builtin/providers/rundeck
  - builtin/providers/scaleway
  - builtin/providers/softlayer
  - builtin/providers/spotinst
  - builtin/providers/statuscake
  - builtin/providers/template
  - builtin/providers/terraform
  - builtin/providers/test
  - builtin/providers/tls
  - builtin/providers/triton
  - builtin/providers/ultradns
  - builtin/providers/vault
  - builtin/providers/vcd
  - builtin/providers/vsphere
  - builtin/provisioners/chef
  - builtin/provisioners/file
  - builtin/provisioners/local-exec
  - builtin/provisioners/remote-exec
  - command
  - communicator
  - communicator/remote
  - communicator/shared
  - communicator/ssh
  - communicator/winrm
  - config
  - config/module
  - dag
  - flatmap
  - helper/config
  - helper/encryption
  - helper/experiment
  - helper/hashcode
  - helper/hilmapstructure
  - helper/logging
  - helper/mutexkv
  - helper/pathorcontents
  - helper/resource
  - helper/schema
  - helper/shadow
  - helper/validation
  - helper/variables
  - helper/wrappedreadline
  - helper/wrappedstreams
  - plugin
  - repl
  - state
  - state/remote
  - terraform
- name: github.com/hashicorp/vault
  version: 9a60bf2a50e4dd1ba4b929a3ccf8072435cbdd0a
  subpackages:
  - api
  - helper/compressutil
  - helper/jsonutil
  - helper/pgpkeys
- name: github.com/hashicorp/yamux
  version: d1caa6c97c9fc1cc9e83bbe34d0603f9ff0ce8bd
- name: github.com/henrikhodne/go-librato
  version: 6e9aa4b1a8a8b735ad14b4f1c9542ef183e82dc2
  subpackages:
  - librato
- name: github.com/hpcloud/tail
  version: a30252cb686a21eb2d0b98132633053ec2f7f1e5
  subpackages:
  - util
  - watch
- name: github.com/imdario/mergo
  version: 50d4dbd4eb0e84778abe37cefef140271d96fade
- name: github.com/influxdata/influxdb
  version: 8e0bf700f82cf7a218d3772bf6b6a8a8364b89d5
  subpackages:
  - client
  - models
  - pkg/escape
- name: github.com/jen20/awspolicyequivalence
  version: ed4c14ea400d756059e9312e409477a9ebf448f4
- name: github.com/jen20/riviera
  version: 7ee711f4d8cc27b811bde3907614ecd86e98c9bc
  subpackages:
  - azure
  - dns
  - search
  - sql
  - storage
- name: github.com/jmespath/go-jmespath
  version: bd40a432e4c76585ef6b72d3fd96fb9b6dc7b68d
- name: github.com/joyent/gocommon
  version: b78708995d1c2ebdb64a3061b0bca5d8ccdf0fc2
  subpackages:
  - client
  - errors
  - http
  - jpc
- name: github.com/joyent/gomanta
  version: ece4f0cbe61f600794bbcff71d8f9ee86909b2dc
  subpackages:
  - manta
- name: github.com/joyent/gosdc
  version: 042c6e9de2b48a646d310e70cc0050c83fe18200
  subpackages:
  - cloudapi
- name: github.com/joyent/gosign
  version: 8978c75ffefb3f63a977ad9cbfce40caeb40177e
  subpackages:
  - auth
- name: github.com/jtopjian/cobblerclient
  version: 53d1c0a0b003aabfa7ecfa848d856606cb481196
- name: github.com/kardianos/osext
  version: c2c54e542fb797ad986b31721e1baedf214ca413
- name: github.com/keybase/go-crypto
  version: 93f5b35093ba15e0f86e412cc5c767d5c10c15fd
  subpackages:
  - brainpool
  - cast5
  - openpgp
  - openpgp/armor
  - openpgp/elgamal
  - openpgp/errors
  - openpgp/packet
  - openpgp/s2k
  - rsa
- name: github.com/kolo/xmlrpc
  version: 0826b98aaa29c0766956cb40d45cf7482a597671
- name: github.com/kr/text
  version: 7cafcd837844e784b526369c9bce262804aebc60
- name: github.com/lib/pq
  version: 67c3f2a8884c9b1aac5503c8d42ae4f73a93511c
  subpackages:
  - oid
- name: github.com/logentries/le_goclient
  version: f6d02e2fca401d3550e08a292f54b0efb6a578f0
- name: github.com/lrsmith/go-icinga2-api
  version: ba9eccb088d652b05154765828ad78345bc36f14
  subpackages:
  - iapi
- name: github.com/lusis/go-artifactory
  version: 7e4ce345df825841661d1b3ffbb1327083d4a22f
  subpackages:
  - src/artifactory.v401
- name: github.com/macaron-contrib/session
  version: d392059301313eee8059c85a4e698f22c664ef78
- name: github.com/manyminds/api2go
  version: dc368bb579c1a582faed50768e7fbcc463954c89
  subpackages:
  - jsonapi
- name: github.com/masterzen/simplexml
  version: 4572e39b1ab9fe03ee513ce6fc7e289e98482190
  subpackages:
  - dom
- name: github.com/masterzen/winrm
  version: 54ea5d01478cfc2afccec1504bd0dfcd8c260cfa
  subpackages:
  - soap
  - winrm
- name: github.com/masterzen/xmlpath
  version: 13f4951698adc0fa9c1dda3e275d489a24201161
- name: github.com/mattn/go-colorable
  version: 9cbef7c35391cca05f15f8181dc0b18bc9736dbb
- name: github.com/mattn/go-isatty
  version: 30a891c33c7cde7b02a981314b4228ec99380cca
- name: github.com/maximilien/softlayer-go
  version: 85659debe44fab5792fc92cf755c04b115b9dc19
  subpackages:
  - client
  - common
  - data_types
  - services
  - softlayer
- name: github.com/michaelklishin/rabbit-hole
  version: 88550829bcdcf614361c73459c903578eb44074e
- name: github.com/miekg/dns
  version: db96a2b759cdef4f11a34506a42eb8d1290c598e
- name: github.com/mitchellh/cli
  version: fcf521421aa29bde1d93b6920dfce826d7932208
- name: github.com/mitchellh/colorstring
  version: 8631ce90f28644f54aeedcb3e389a85174e067d1
- name: github.com/mitchellh/copystructure
  version: 5af94aef99f597e6a9e1f6ac6be6ce0f3c96b49d
- name: github.com/mitchellh/go-homedir
  version: 756f7b183b7ab78acdbbee5c7f392838ed459dda
- name: github.com/mitchellh/go-linereader
  version: 07bab5fdd9580500aea6ada0e09df4aa28e68abd
- name: github.com/mitchellh/go-ps
  version: e2d21980687ce16e58469d98dcee92d27fbbd7fb
- name: github.com/mitchellh/hashstructure
  version: 6b17d669fac5e2f71c16658d781ec3fdd3802b69
- name: github.com/mitchellh/mapstructure
  version: 281073eb9eb092240d33ef253c404f1cca550309
- name: github.com/mitchellh/packer
  version: 314aad379a39f6ad5bcca278e6757d9abbb3a52e
  subpackages:
  - common/uuid
- name: github.com/mitchellh/panicwrap
  version: ba9e1a65e0f7975f055d50a2c0201c50d941c24c
- name: github.com/mitchellh/reflectwalk
  version: 92573fe8d000a145bfebc03a16bc22b34945867f
- name: github.com/moul/anonuuid
  version: 609b752a95effbbef26d134ac18ed6f57e01b98e
- name: github.com/moul/gotty-client
  version: 92f0c24d5b2985522174e3ff5ad882a1c4d7f1d9
- name: github.com/nesv/go-dynect
  version: 2dc6a86cf75ce4b33516d2a13c9c0c378310cf3b
  subpackages:
  - dynect
- name: github.com/ninibe/bigduration
  version: 88d3399741b1dc65990e9b7c5580beaae3ec3e29
- name: github.com/nu7hatch/gouuid
  version: 179d4d0c4d8d407a32af483c2354df1d2c91e6c3
- name: github.com/opencontainers/runc
  version: 0f764571384a3ff16c6fed25ace5b7c83f0f0379
  subpackages:
  - libcontainer/cgroups
  - libcontainer/cgroups/fs
  - libcontainer/configs
  - libcontainer/system
  - libcontainer/user
  - libcontainer/utils
- name: github.com/opsgenie/opsgenie-go-sdk
  version: 2654b36ec837f913b546aec27f7717b5ac664cc8
  subpackages:
  - alerts
  - client
  - escalation
  - heartbeat
  - integration
  - logging
  - policy
  - schedule
  - team
  - user
- name: github.com/packer-community/winrmcp
  version: 3d184cea22ee1c41ec1697e0d830ff0c78f7ea97
  subpackages:
  - winrmcp
- name: github.com/packethost/packngo
  version: 7cd5fed006859e86dd5641a6cf9812e855b7574a
- name: github.com/PagerDuty/go-pagerduty
  version: fcea06d066d768bf90755d1071dd444c6abff524
- name: github.com/paultyng/go-newrelic
  version: 81a8e05b0e494285f1322f99f3c6f93c8f1192b1
  subpackages:
  - api
- name: github.com/pborman/uuid
  version: dee7705ef7b324f27ceb85a121c61f2c2e8ce988
- name: github.com/pearkes/dnsimple
  version: 0adf7d0dae07ba10af74af1a047c98d3d02b3382
- name: github.com/pearkes/mailgun
  version: b88605989c4141d22a6d874f78800399e5bb7ac2
- name: github.com/pkg/errors
  version: 248dadf4e9068a0b3e79f02ed0a610d935de5302
- name: github.com/profitbricks/profitbricks-sdk-go
  version: b279e1adcaf1c9cae4d6520c1bdbbf4674e7806e
- name: github.com/RackSec/srslog
  version: 259aed10dfa74ea2961eddd1d9847619f6e98837
- name: github.com/rainycape/unidecode
  version: cb7f23ec59bec0d61b19c56cd88cee3d0cc1870c
- name: github.com/rancher/go-rancher
  version: bdb84801f2cf82be73e210ff586c531b07c83c42
  subpackages:
  - client
- name: github.com/raphink/go-rancher
  version: 49b8414f0a18a3a8054adda704eddddbbfd6fbe2
  subpackages:
  - catalog
- name: github.com/renstrom/fuzzysearch
  version: 2d205ac6ec17a839a94bdbfd16d2fa6c6dada2e0
  subpackages:
  - fuzzy
- name: github.com/RevH/ipinfo
  version: 09a74906140aa8a7eb40bdb3f750d77318912ed7
- name: github.com/ryanuber/columnize
  version: 0fbbb3f0e3fbdc5bae7c6cd5f6c1887ebfb76360
- name: github.com/satori/go.uuid
  version: b061729afc07e77a8aa4fad0a2fd840958f1942a
- name: github.com/satori/uuid
  version: b061729afc07e77a8aa4fad0a2fd840958f1942a
- name: github.com/scaleway/scaleway-cli
  version: 15e90c8d6bd96a674cfe6539f0dc0fa122a7412b
  subpackages:
  - pkg/api
  - pkg/scwversion
  - pkg/sshcommand
  - pkg/utils
- name: github.com/sean-/postgresql-acl
  version: d10489e5d217ebe9c23470c4d0ba7081a6d1e799
- name: github.com/sethgrid/pester
  version: 2a102734c18c43c74fd0664e06cd414cf9602b93
- name: github.com/sethvargo/go-fastly
  version: 247f42f7ecc6677aa1b6e30978d06fcc38f5f769
- name: github.com/shirou/gopsutil
  version: 32b6636de04b303274daac3ca2b10d3b0e4afc35
  subpackages:
  - cpu
  - disk
  - host
  - internal/common
  - mem
  - net
  - process
- name: github.com/shirou/w32
  version: bb4de0191aa41b5507caa14b0650cdbddcd9280b
- name: github.com/Sirupsen/logrus
  version: a283a10442df8dc09befd873fab202bf8a253d6a
- name: github.com/soniah/dnsmadeeasy
  version: 5578a8c15e33958c61cf7db720b6181af65f4a9e
- name: github.com/spotinst/spotinst-sdk-go
  version: e9a0995904e38e1ed662fbd559760e11db8c2a0b
  subpackages:
  - spotinst
  - spotinst/util/stringutil
  - spotinst/util/uritemplates
- name: github.com/StackExchange/wmi
  version: e54cbda6595d7293a7a468ccf9525f6bc8887f99
- name: github.com/tent/http-link-go
  version: ac974c61c2f990f4115b119354b5e0b47550e888
- name: github.com/tomnomnom/linkheader
  version: 236df730ed7334edb33cb10ba79407491fb4e147
- name: github.com/ttacon/chalk
  version: 22c06c80ed312dcb6e1cf394f9634aa2c4676e22
- name: github.com/ugorji/go
  version: faddd6128c66c4708f45fdc007f575f75e592a3c
  subpackages:
  - codec
- name: github.com/ukcloud/govcloudair
  version: 9076b4221ebf430944c716c798e904e00cbaa89d
  subpackages:
  - types/v56
- name: github.com/Unknwon/com
  version: 28b053d5a2923b87ce8c5a08f3af779894a72758
- name: github.com/Unknwon/macaron
  version: 9b82b0372a4edf52f66fbc8feaa6aafe0123001d
  subpackages:
  - inject
- name: github.com/urfave/cli
  version: 1efa31f08b9333f1bd4882d61f9d668a70cd902e
- name: github.com/vmware/govmomi
  version: 733acc9e4cb9ce9e867734f298fdfc89ab05f771
  subpackages:
  - find
  - list
  - object
  - property
  - session
  - task
  - vim25
  - vim25/debug
  - vim25/methods
  - vim25/mo
  - vim25/progress
  - vim25/soap
  - vim25/types
  - vim25/xml
- name: github.com/xanzy/go-cloudstack
  version: deca6e17c056012b540aa2d2eae3ea1e63203b85
  subpackages:
  - cloudstack
- name: github.com/xanzy/ssh-agent
  version: ba9c9e33906f58169366275e3450db66139a31a9
- name: github.com/ziutek/mymysql
  version: 75ce5fbba34b1912a3641adbd58cf317d7315821
  subpackages:
  - mysql
  - native
  - thrsafe
- name: golang.org/x/crypto
  version: b8a2a83acfe6e6770b75de42d5ff4c67596675c0
  subpackages:
  - curve25519
  - ed25519
  - ed25519/internal/edwards25519
  - pkcs12
  - pkcs12/internal/rc2
  - ssh
  - ssh/agent
  - ssh/terminal
- name: golang.org/x/net
  version: f2499483f923065a842d38eb4c7f1927e6fc6e6d
  subpackages:
  - context
  - context/ctxhttp
  - http2
  - http2/hpack
  - idna
  - internal/timeseries
  - lex/httplex
  - publicsuffix
  - trace
- name: golang.org/x/oauth2
  version: 314dd2c0bf3ebd592ec0d20847d27e79d0dbe8dd
  subpackages:
  - google
  - internal
  - jws
  - jwt
- name: golang.org/x/sync
  version: 316e794f7b5e3df4e95175a45a5fb8b12f85cb4f
  subpackages:
  - errgroup
- name: golang.org/x/sys
  version: d75a52659825e75fff6158388dddc6a5b04f9ba5
  subpackages:
  - unix
- name: google.golang.org/api
  version: c8d75a8ec737f9b8b1ed2676c28feedbe21f543f
  subpackages:
  - cloudbilling/v1
  - cloudresourcemanager/v1
  - compute/v1
  - container/v1
  - dns/v1
  - gensupport
  - googleapi
  - googleapi/internal/uritemplates
  - iam/v1
  - pubsub/v1
  - servicemanagement/v1
  - sqladmin/v1beta4
  - storage/v1
- name: google.golang.org/appengine
  version: b667a5000b082e49c6c6d16867d376a12e9490cd
  subpackages:
  - internal
  - internal/app_identity
  - internal/base
  - internal/datastore
  - internal/log
  - internal/modules
  - internal/remote_api
  - internal/urlfetch
  - urlfetch
- name: google.golang.org/grpc
  version: 50955793b0183f9de69bd78e2ec251cf20aab121
  subpackages:
  - codes
  - credentials
  - grpclog
  - internal
  - metadata
  - naming
  - peer
  - stats
  - tap
  - transport
- name: gopkg.in/fsnotify.v1
  version: a8a77c9133d2d6fd8334f3260d06f60e8d80a5fb
- name: gopkg.in/ini.v1
  version: 6e4869b434bd001f6983749881c7ead3545887d8
- name: gopkg.in/lxc/go-lxc.v2
  version: f8a6938e600c634232eeef79dc04a1226f73a88b
- name: gopkg.in/ns1/ns1-go.v2
  version: d8d10b7f448291ddbdce48d4594fb1b667014c8b
  subpackages:
  - rest
  - rest/model/account
  - rest/model/data
  - rest/model/dns
  - rest/model/filter
  - rest/model/monitor
- name: gopkg.in/resty.v0
  version: 24dc7ba4bc1ef9215048b28e7248f99c42901db5
- name: gopkg.in/tomb.v1
  version: dd632973f1e7218eb1089048e0798ec9ae7dceb8
- name: gopkg.in/yaml.v2
  version: a5b47d31c556af34a302ce5d659e6fea44d90de0
- name: gopkg.in/zorkian/go-datadog-api.v2
  version: f005bb24262365e93726b94d89e6cd8a26a7455e
testImports: []
