hash: 1aabe8b7261ee44fac485c19ef01afc5ad55a861959602d2538238f0f740838c
updated: 2018-09-24T11:29:14.579586613-04:00
imports:
- name: github.com/armon/go-radix
  version: 4239b77079c7b5d1243b7b4736304ce8ddb6f0f2
- name: github.com/aws/aws-sdk-go
  version: b79a722cb7aba0edd9bd2256361ae2e15e98f8ad
  subpackages:
  - aws
  - aws/awserr
  - aws/awsutil
  - aws/client
  - aws/client/metadata
  - aws/corehandlers
  - aws/credentials
  - aws/credentials/ec2rolecreds
  - aws/credentials/endpointcreds
  - aws/credentials/stscreds
  - aws/defaults
  - aws/ec2metadata
  - aws/endpoints
  - aws/request
  - aws/session
  - aws/signer/v4
  - internal/shareddefaults
  - private/endpoints
  - private/protocol
  - private/protocol/ec2query
  - private/protocol/query
  - private/protocol/query/queryutil
  - private/protocol/rest
  - private/protocol/restxml
  - private/protocol/xml/xmlutil
  - private/waiter
  - service/autoscaling
  - service/ec2
  - service/elb
  - service/s3
  - service/sts
- name: github.com/bgentry/speakeasy
  version: 675b82c74c0ed12283ee81ba8a534c8982c07b85
- name: github.com/briandowns/spinner
  version: a00ac22c746220ee70a0891a0ec4aa6c56c6bb6a
- name: github.com/fatih/color
  version: dea9d3a26a087187530244679c1cfb3a42937794
- name: github.com/go-ini/ini
  version: 766e555c68dc8bda90d197ee8946c37519c19409
- name: github.com/hashicorp/errwrap
  version: 7554cd9344cec97297fa6649b055a8c98c2a1e55
- name: github.com/hashicorp/go-cleanhttp
  version: 3573b8b52aa7b37b9358d966a898feb387f62437
- name: github.com/hashicorp/go-multierror
  version: d30f09973e19c1dfcd120b2d9c4f168e68d6b5d5
- name: github.com/hashicorp/go-version
  version: e96d3840402619007766590ecea8dd7af1292276
- name: github.com/hashicorp/hcl
  version: a4b07c25de5ff55ad3b8936cea69a79a3d95a855
  subpackages:
  - hcl/ast
  - hcl/parser
  - hcl/scanner
  - hcl/strconv
  - hcl/token
  - json/parser
  - json/scanner
  - json/token
- name: github.com/jmespath/go-jmespath
  version: bd40a432e4c76585ef6b72d3fd96fb9b6dc7b68d
- name: github.com/kr/text
  version: 7cafcd837844e784b526369c9bce262804aebc60
- name: github.com/mattn/go-colorable
  version: 9cbef7c35391cca05f15f8181dc0b18bc9736dbb
- name: github.com/mattn/go-isatty
  version: 30a891c33c7cde7b02a981314b4228ec99380cca
- name: github.com/mitchellh/cli
  version: 65fcae5817c8600da98ada9d7edf26dd1a84837b
- name: github.com/mitchellh/go-homedir
  version: b8bc1bf767474819792c23f32d8286a45736f1c6
- name: github.com/ninibe/bigduration
  version: 88d3399741b1dc65990e9b7c5580beaae3ec3e29
- name: github.com/posener/complete
  version: f4461a52b6329c11190f11fe3384ec8aa964e21c
  subpackages:
  - cmd
  - cmd/install
  - match
- name: github.com/RevH/ipinfo
  version: 09a74906140aa8a7eb40bdb3f750d77318912ed7
- name: github.com/ttacon/chalk
  version: 22c06c80ed312dcb6e1cf394f9634aa2c4676e22
- name: github.com/urfave/cli
  version: 1efa31f08b9333f1bd4882d61f9d668a70cd902e
- name: golang.org/x/sys
  version: 3b87a42e500a6dc65dae1a55d0b641295971163e
  subpackages:
  - unix
- name: gopkg.in/ini.v1
  version: 766e555c68dc8bda90d197ee8946c37519c19409
testImports: []
